
Microsoft Visual Studio Solution File, Format Version 12.00
# Visual Studio Version 17
VisualStudioVersion = 17.10.35013.160
MinimumVisualStudioVersion = 10.0.40219.1
Project("{FAE04EC0-301F-11D3-BF4B-00C04F79EFBC}") = "Linq_to_sql_WFA", "Linq_to_sql_WFA\Linq_to_sql_WFA.csproj", "{3959A155-5582-4215-87C8-204FD933AEAE}"
EndProject
Global
	GlobalSection(SolutionConfigurationPlatforms) = preSolution
		Debug|Any CPU = Debug|Any CPU
		Release|Any CPU = Release|Any CPU
	EndGlobalSection
	GlobalSection(ProjectConfigurationPlatforms) = postSolution
		{3959A155-5582-4215-87C8-204FD933AEAE}.Debug|Any CPU.ActiveCfg = Debug|Any CPU
		{3959A155-5582-4215-87C8-204FD933AEAE}.Debug|Any CPU.Build.0 = Debug|Any CPU
		{3959A155-5582-4215-87C8-204FD933AEAE}.Release|Any CPU.ActiveCfg = Release|Any CPU
		{3959A155-5582-4215-87C8-204FD933AEAE}.Release|Any CPU.Build.0 = Release|Any CPU
	EndGlobalSection
	GlobalSection(SolutionProperties) = preSolution
		HideSolutionNode = FALSE
	EndGlobalSection
	GlobalSection(ExtensibilityGlobals) = postSolution
		SolutionGuid = {CB3FDC7F-7590-41EC-9C9C-EE799B153CEC}
	EndGlobalSection
EndGlobal
