
Microsoft Visual Studio Solution File, Format Version 12.00
# Visual Studio Version 17
VisualStudioVersion = 17.10.35013.160
MinimumVisualStudioVersion = 10.0.40219.1
Project("{FAE04EC0-301F-11D3-BF4B-00C04F79EFBC}") = "crud_linq_to_sql_mvc", "crud_linq_to_sql_mvc\crud_linq_to_sql_mvc.csproj", "{D29F3E52-96FC-4D23-96F3-8B2A53C6EBB4}"
EndProject
Global
	GlobalSection(SolutionConfigurationPlatforms) = preSolution
		Debug|Any CPU = Debug|Any CPU
		Release|Any CPU = Release|Any CPU
	EndGlobalSection
	GlobalSection(ProjectConfigurationPlatforms) = postSolution
		{D29F3E52-96FC-4D23-96F3-8B2A53C6EBB4}.Debug|Any CPU.ActiveCfg = Debug|Any CPU
		{D29F3E52-96FC-4D23-96F3-8B2A53C6EBB4}.Debug|Any CPU.Build.0 = Debug|Any CPU
		{D29F3E52-96FC-4D23-96F3-8B2A53C6EBB4}.Release|Any CPU.ActiveCfg = Release|Any CPU
		{D29F3E52-96FC-4D23-96F3-8B2A53C6EBB4}.Release|Any CPU.Build.0 = Release|Any CPU
	EndGlobalSection
	GlobalSection(SolutionProperties) = preSolution
		HideSolutionNode = FALSE
	EndGlobalSection
	GlobalSection(ExtensibilityGlobals) = postSolution
		SolutionGuid = {FC5873F3-3380-41A2-A9CA-B8A65B9565C7}
	EndGlobalSection
EndGlobal
